
Microsoft Visual Studio Solution File, Format Version 12.00
# Visual Studio 2013
VisualStudioVersion = 12.0.21005.1
MinimumVisualStudioVersion = 10.0.40219.1
Project("{FAE04EC0-301F-11D3-BF4B-00C04F79EFBC}") = "Simple.Wpf.Themes", "Simple.Wpf.Themes\Simple.Wpf.Themes.csproj", "{BB415D28-1202-4220-BB96-F61C14455B7C}"
EndProject
Project("{2150E333-8FDC-42A3-9474-1A3956D46DE8}") = "Test Harnesses", "Test Harnesses", "{541B85F3-F0CB-4E7B-B0A8-07BC8E4097BA}"
EndProject
Project("{FAE04EC0-301F-11D3-BF4B-00C04F79EFBC}") = "Wpf.TestHarness", "Wpf.TestHarness\Wpf.TestHarness.csproj", "{B0E44BF3-4FC3-42F3-B7A3-4FCA669A871B}"
EndProject
Global
	GlobalSection(SolutionConfigurationPlatforms) = preSolution
		Debug|Any CPU = Debug|Any CPU
		Release|Any CPU = Release|Any CPU
	EndGlobalSection
	GlobalSection(ProjectConfigurationPlatforms) = postSolution
		{BB415D28-1202-4220-BB96-F61C14455B7C}.Debug|Any CPU.ActiveCfg = Debug|Any CPU
		{BB415D28-1202-4220-BB96-F61C14455B7C}.Debug|Any CPU.Build.0 = Debug|Any CPU
		{BB415D28-1202-4220-BB96-F61C14455B7C}.Release|Any CPU.ActiveCfg = Release|Any CPU
		{BB415D28-1202-4220-BB96-F61C14455B7C}.Release|Any CPU.Build.0 = Release|Any CPU
		{B0E44BF3-4FC3-42F3-B7A3-4FCA669A871B}.Debug|Any CPU.ActiveCfg = Debug|Any CPU
		{B0E44BF3-4FC3-42F3-B7A3-4FCA669A871B}.Debug|Any CPU.Build.0 = Debug|Any CPU
		{B0E44BF3-4FC3-42F3-B7A3-4FCA669A871B}.Release|Any CPU.ActiveCfg = Release|Any CPU
		{B0E44BF3-4FC3-42F3-B7A3-4FCA669A871B}.Release|Any CPU.Build.0 = Release|Any CPU
	EndGlobalSection
	GlobalSection(SolutionProperties) = preSolution
		HideSolutionNode = FALSE
	EndGlobalSection
	GlobalSection(NestedProjects) = preSolution
		{B0E44BF3-4FC3-42F3-B7A3-4FCA669A871B} = {541B85F3-F0CB-4E7B-B0A8-07BC8E4097BA}
	EndGlobalSection
EndGlobal
